
Microsoft Visual Studio Solution File, Format Version 12.00
# Visual Studio Version 17
VisualStudioVersion = 17.4.33205.214
MinimumVisualStudioVersion = 10.0.40219.1
Project("{FAE04EC0-301F-11D3-BF4B-00C04F79EFBC}") = "TestApp.Android", "TestApp.Android\TestApp.Android.csproj", "{C3CBA0B4-2B76-47BF-A0FA-AA7B0FE7A3CA}"
EndProject
Project("{FAE04EC0-301F-11D3-BF4B-00C04F79EFBC}") = "TestApp", "TestApp\TestApp.csproj", "{A1C15327-58B7-403F-845A-1C921EDDD57A}"
EndProject
Global
	GlobalSection(SolutionConfigurationPlatforms) = preSolution
		Debug|Any CPU = Debug|Any CPU
		Release|Any CPU = Release|Any CPU
	EndGlobalSection
	GlobalSection(ProjectConfigurationPlatforms) = postSolution
		{C3CBA0B4-2B76-47BF-A0FA-AA7B0FE7A3CA}.Debug|Any CPU.ActiveCfg = Debug|Any CPU
		{C3CBA0B4-2B76-47BF-A0FA-AA7B0FE7A3CA}.Debug|Any CPU.Build.0 = Debug|Any CPU
		{C3CBA0B4-2B76-47BF-A0FA-AA7B0FE7A3CA}.Debug|Any CPU.Deploy.0 = Debug|Any CPU
		{C3CBA0B4-2B76-47BF-A0FA-AA7B0FE7A3CA}.Release|Any CPU.ActiveCfg = Release|Any CPU
		{C3CBA0B4-2B76-47BF-A0FA-AA7B0FE7A3CA}.Release|Any CPU.Build.0 = Release|Any CPU
		{C3CBA0B4-2B76-47BF-A0FA-AA7B0FE7A3CA}.Release|Any CPU.Deploy.0 = Release|Any CPU
		{A1C15327-58B7-403F-845A-1C921EDDD57A}.Debug|Any CPU.ActiveCfg = Debug|Any CPU
		{A1C15327-58B7-403F-845A-1C921EDDD57A}.Debug|Any CPU.Build.0 = Debug|Any CPU
		{A1C15327-58B7-403F-845A-1C921EDDD57A}.Debug|Any CPU.Deploy.0 = Debug|Any CPU
		{A1C15327-58B7-403F-845A-1C921EDDD57A}.Release|Any CPU.ActiveCfg = Release|Any CPU
		{A1C15327-58B7-403F-845A-1C921EDDD57A}.Release|Any CPU.Build.0 = Release|Any CPU
		{A1C15327-58B7-403F-845A-1C921EDDD57A}.Release|Any CPU.Deploy.0 = Release|Any CPU
	EndGlobalSection
	GlobalSection(SolutionProperties) = preSolution
		HideSolutionNode = FALSE
	EndGlobalSection
	GlobalSection(ExtensibilityGlobals) = postSolution
		SolutionGuid = {4C91BA4A-68C7-47A2-9580-364D25D3CD11}
	EndGlobalSection
EndGlobal
